<?xml version="1.0" encoding="utf-8"?>
<Project ToolsVersion="4.0" xmlns="http://schemas.microsoft.com/developer/msbuild/2003">
  <ItemGroup>
    <Filter Include="Source Files">
      <UniqueIdentifier>{4FC737F1-C7A5-4376-A066-2A32D752A2FF}</UniqueIdentifier>
      <Extensions>cpp;c;cc;cxx;def;odl;idl;hpj;bat;asm;asmx</Extensions>
    </Filter>
    <Filter Include="Header Files">
      <UniqueIdentifier>{93995380-89BD-4b04-88EB-625FBE52EBFB}</UniqueIdentifier>
      <Extensions>h;hh;hpp;hxx;hm;inl;inc;xsd</Extensions>
    </Filter>
    <Filter Include="Resource Files">
      <UniqueIdentifier>{67DA6AB6-F800-4c08-8B7A-83BB121AAD01}</UniqueIdentifier>
      <Extensions>rc;ico;cur;bmp;dlg;rc2;rct;bin;rgs;gif;jpg;jpeg;jpe;resx;tiff;tif;png;wav;mfcribbon-ms</Extensions>
    </Filter>
    <Filter Include="Header Files\Game">
      <UniqueIdentifier>{765a7665-897e-4fee-b654-510f7ed98e38}</UniqueIdentifier>
    </Filter>
    <Filter Include="Header Files\Graphical">
      <UniqueIdentifier>{9375309d-a2bf-4356-b17f-7e6b49e028a6}</UniqueIdentifier>
    </Filter>
    <Filter Include="Header Files\Graphical\Windows">
      <UniqueIdentifier>{7cbcca6a-5806-49c6-874c-1bd20c44394a}</UniqueIdentifier>
    </Filter>
    <Filter Include="Header Files\Utils">
      <UniqueIdentifier>{4b879d59-fe4b-44cb-a535-b773bae59964}</UniqueIdentifier>
    </Filter>
    <Filter Include="Source Files\Game">
      <UniqueIdentifier>{006455e6-361a-4d95-9b1f-16ecec0aa1d9}</UniqueIdentifier>
    </Filter>
    <Filter Include="Source Files\Graphic">
      <UniqueIdentifier>{5713a7e5-d64e-42d4-ae2e-e6785547b4ab}</UniqueIdentifier>
    </Filter>
    <Filter Include="Source Files\Graphic\Windows">
      <UniqueIdentifier>{e9024b59-bcbf-478d-86e9-9b415e580897}</UniqueIdentifier>
    </Filter>
    <Filter Include="Source Files\Utils">
      <UniqueIdentifier>{eb4a7a7c-8943-46ba-9cde-009aef26fc09}</UniqueIdentifier>
    </Filter>
    <Filter Include="Source Files\Game\Players">
      <UniqueIdentifier>{6157f459-3482-424c-8304-0db60a4053a3}</UniqueIdentifier>
    </Filter>
    <Filter Include="Header Files\Game\Players">
      <UniqueIdentifier>{980dbb43-97ba-4d53-9d43-31d99e843944}</UniqueIdentifier>
    </Filter>
    <Filter Include="Source Files\Task">
      <UniqueIdentifier>{2e8026be-aa1b-45e9-ab51-789043d92a13}</UniqueIdentifier>
    </Filter>
    <Filter Include="Header Files\Task">
      <UniqueIdentifier>{9503dfe9-1097-413a-b752-d63b9097e952}</UniqueIdentifier>
    </Filter>
    <Filter Include="Source Files\Graphic\Gui">
      <UniqueIdentifier>{8b1adb56-2884-460b-b482-7bd041934dc6}</UniqueIdentifier>
    </Filter>
    <Filter Include="Header Files\Graphical\Gui">
      <UniqueIdentifier>{fc20fdd6-04f7-461f-92a7-cecf671725b0}</UniqueIdentifier>
    </Filter>
  </ItemGroup>
  <ItemGroup>
    <ClCompile Include="src\Game\Player\APlayer.cpp">
      <Filter>Source Files\Game\Players</Filter>
    </ClCompile>
    <ClCompile Include="src\Utils\Exception.cpp">
      <Filter>Source Files\Utils</Filter>
    </ClCompile>
    <ClCompile Include="src\Game\GameController.cpp">
      <Filter>Source Files\Game</Filter>
    </ClCompile>
    <ClCompile Include="src\Game\Player\HumanPlayer.cpp">
      <Filter>Source Files\Game\Players</Filter>
    </ClCompile>
    <ClCompile Include="src\main.cpp">
      <Filter>Source Files</Filter>
    </ClCompile>
    <ClCompile Include="src\Observer\Observable.cpp">
      <Filter>Source Files</Filter>
    </ClCompile>
    <ClCompile Include="src\Graphic\Interface\GameGUI.cpp">
      <Filter>Source Files\Graphic\Gui</Filter>
    </ClCompile>
    <ClCompile Include="src\Graphic\Interface\UserInterface.cpp">
      <Filter>Source Files\Graphic\Gui</Filter>
    </ClCompile>
    <ClCompile Include="src\Graphic\Screen\AWindow.cpp">
      <Filter>Source Files\Graphic\Windows</Filter>
    </ClCompile>
    <ClCompile Include="src\Graphic\Screen\WindowGame.cpp">
      <Filter>Source Files\Graphic\Windows</Filter>
    </ClCompile>
    <ClCompile Include="src\Graphic\Screen\WindowHome.cpp">
      <Filter>Source Files\Graphic\Windows</Filter>
    </ClCompile>
    <ClCompile Include="src\Graphic\Screen\WindowConfig.cpp">
      <Filter>Source Files</Filter>
    </ClCompile>
    <ClCompile Include="src\Utils\Task\GenericTask.cpp">
      <Filter>Source Files</Filter>
    </ClCompile>
    <ClCompile Include="src\Utils\Task\TaskFactory.cpp">
      <Filter>Source Files</Filter>
    </ClCompile>
    <ClCompile Include="src\Graphic\Interface\Elements\GuiElement.cpp">
      <Filter>Source Files</Filter>
    </ClCompile>
    <ClCompile Include="src\Graphic\Interface\Elements\Button.cpp">
      <Filter>Source Files</Filter>
    </ClCompile>
    <ClCompile Include="src\Graphic\Interface\HomeGUI.cpp">
      <Filter>Source Files</Filter>
    </ClCompile>
    <ClCompile Include="src\Game\Player\IAPlayer.cpp">
      <Filter>Source Files</Filter>
    </ClCompile>
    <ClCompile Include="src\Graphic\Interface\Elements\ButtonState.cpp">
      <Filter>Source Files</Filter>
    </ClCompile>
    <ClCompile Include="src\Graphic\Screen\WindowOption.cpp">
      <Filter>Source Files</Filter>
    </ClCompile>
    <ClCompile Include="src\Graphic\Interface\OptionGUI.cpp">
      <Filter>Source Files</Filter>
    </ClCompile>
    <ClCompile Include="src\Graphic\Interface\SelectPlayGUI.cpp">
      <Filter>Source Files</Filter>
    </ClCompile>
    <ClCompile Include="src\Graphic\Screen\WindowSelectPlay.cpp">
      <Filter>Source Files</Filter>
    </ClCompile>
    <ClCompile Include="src\Graphic\Interface\Elements\PrintableElement.cpp">
      <Filter>Source Files</Filter>
    </ClCompile>
    <ClCompile Include="src\Graphic\ResourceManager.cpp">
      <Filter>Source Files</Filter>
    </ClCompile>
    <ClCompile Include="src\Utils\RuleManager.cpp">
      <Filter>Source Files</Filter>
    </ClCompile>
    <ClCompile Include="src\Utils\ConvertTools.cpp">
      <Filter>Source Files</Filter>
    </ClCompile>
    <ClCompile Include="src\Graphic\Interface\Elements\ComplexElement.cpp">
      <Filter>Source Files</Filter>
    </ClCompile>
    <ClCompile Include="src\Utils\SoundMixer.cpp">
      <Filter>Source Files</Filter>
    </ClCompile>
    <ClCompile Include="src\Graphic\Interface\Elements\DropDownMenu.cpp">
      <Filter>Source Files</Filter>
    </ClCompile>
    <ClCompile Include="src\Master.cpp">
      <Filter>Source Files</Filter>
    </ClCompile>
    <ClCompile Include="src\Utils\IAManager.cpp">
      <Filter>Source Files</Filter>
    </ClCompile>
    <ClCompile Include="src\AI\minMax\MinMax.cpp">
      <Filter>Source Files</Filter>
    </ClCompile>
    <ClCompile Include="src\AI\monteCarlo\MonteCarloHeuristic.cpp">
      <Filter>Source Files</Filter>
    </ClCompile>
    <ClCompile Include="src\AI\monteCarlo\MonteCarlo.cpp">
      <Filter>Source Files</Filter>
    </ClCompile>
    <ClCompile Include="src\referee\History.cpp">
      <Filter>Source Files</Filter>
    </ClCompile>
  </ItemGroup>
  <ItemGroup>
    <ClInclude Include="include\Game\Player\APlayer.h">
      <Filter>Header Files\Game\Players</Filter>
    </ClInclude>
    <ClInclude Include="include\Utils\Exception.h">
      <Filter>Header Files\Utils</Filter>
    </ClInclude>
    <ClInclude Include="include\Game\GameController.h">
      <Filter>Header Files\Game</Filter>
    </ClInclude>
    <ClInclude Include="include\Game\Player\HumanPlayer.h">
      <Filter>Header Files\Game\Players</Filter>
    </ClInclude>
    <ClInclude Include="include\Master.h">
      <Filter>Header Files</Filter>
    </ClInclude>
    <ClInclude Include="include\Observer\Observer.h">
      <Filter>Header Files</Filter>
    </ClInclude>
    <ClInclude Include="include\Observer\Observable.h">
      <Filter>Header Files</Filter>
    </ClInclude>
    <ClInclude Include="include\Graphic\Interface\GameGUI.h">
      <Filter>Header Files\Graphical\Gui</Filter>
    </ClInclude>
    <ClInclude Include="include\Graphic\Screen\AWindow.h">
      <Filter>Header Files\Graphical\Windows</Filter>
    </ClInclude>
    <ClInclude Include="include\Graphic\Screen\WindowGame.h">
      <Filter>Header Files\Graphical\Windows</Filter>
    </ClInclude>
    <ClInclude Include="include\Graphic\Screen\WindowHome.h">
      <Filter>Header Files\Graphical\Windows</Filter>
    </ClInclude>
    <ClInclude Include="include\Graphic\Interface\UserInterface.h">
      <Filter>Header Files</Filter>
    </ClInclude>
    <ClInclude Include="include\Graphic\Screen\WindowConfig.h">
      <Filter>Header Files</Filter>
    </ClInclude>
    <ClInclude Include="include\Utils\Tuple.h">
      <Filter>Header Files</Filter>
    </ClInclude>
    <ClInclude Include="include\Utils\Task\GenericTask.h">
      <Filter>Header Files</Filter>
    </ClInclude>
    <ClInclude Include="include\Utils\Task\TaskFactory.h">
      <Filter>Header Files</Filter>
    </ClInclude>
    <ClInclude Include="include\Graphic\Interface\Elements\GuiElement.h">
      <Filter>Header Files</Filter>
    </ClInclude>
    <ClInclude Include="include\Graphic\Interface\Elements\Button.h">
      <Filter>Header Files</Filter>
    </ClInclude>
    <ClInclude Include="include\Graphic\Interface\HomeGUI.h">
      <Filter>Header Files</Filter>
    </ClInclude>
    <ClInclude Include="include\Game\Player\IAPlayer.h">
      <Filter>Header Files</Filter>
    </ClInclude>
    <ClInclude Include="include\Graphic\Interface\Elements\ButtonState.h">
      <Filter>Header Files</Filter>
    </ClInclude>
    <ClInclude Include="include\Graphic\Screen\WindowOption.h">
      <Filter>Header Files</Filter>
    </ClInclude>
    <ClInclude Include="include\Graphic\Interface\OptionGUI.h">
      <Filter>Header Files</Filter>
    </ClInclude>
    <ClInclude Include="include\Graphic\Screen\WindowSelectPlay.h">
      <Filter>Header Files</Filter>
    </ClInclude>
    <ClInclude Include="include\Graphic\Interface\SelectPlayGUI.h">
      <Filter>Header Files</Filter>
    </ClInclude>
    <ClInclude Include="include\Graphic\Interface\Elements\PrintableElement.h">
      <Filter>Header Files</Filter>
    </ClInclude>
    <ClInclude Include="include\Graphic\ResourceManager.h">
      <Filter>Header Files</Filter>
    </ClInclude>
    <ClInclude Include="include\Utils\RuleManager.h">
      <Filter>Header Files</Filter>
    </ClInclude>
    <ClInclude Include="include\Utils\ConvertTools.h">
      <Filter>Header Files</Filter>
    </ClInclude>
    <ClInclude Include="include\Graphic\Interface\Elements\ComplexElement.h">
      <Filter>Header Files</Filter>
    </ClInclude>
    <ClInclude Include="include\Utils\SoundMixer.h">
      <Filter>Header Files</Filter>
    </ClInclude>
    <ClInclude Include="include\Graphic\Sfml.h">
      <Filter>Header Files</Filter>
    </ClInclude>
    <ClInclude Include="include\Graphic\Interface\Elements\DropDownMenu.h">
      <Filter>Header Files</Filter>
    </ClInclude>
    <ClInclude Include="include\Utils\IAManager.h">
      <Filter>Header Files</Filter>
    </ClInclude>
    <ClInclude Include="include\map\ReadFile.h">
      <Filter>Header Files</Filter>
    </ClInclude>
    <ClInclude Include="include\map\Cell.h">
      <Filter>Header Files</Filter>
    </ClInclude>
    <ClInclude Include="include\map\Grid.hpp">
      <Filter>Header Files</Filter>
    </ClInclude>
    <ClInclude Include="include\AI\minMax\MinMax.h">
      <Filter>Header Files</Filter>
    </ClInclude>
    <ClInclude Include="include\AI\monteCarlo\MonteCarlo.h">
      <Filter>Header Files</Filter>
    </ClInclude>
    <ClInclude Include="include\AI\monteCarlo\MonteCarloHeuristic.h">
      <Filter>Header Files</Filter>
    </ClInclude>
    <ClInclude Include="include\AI\AI.hpp">
      <Filter>Header Files</Filter>
    </ClInclude>
    <ClInclude Include="include\AI\IAI.hpp">
      <Filter>Header Files</Filter>
    </ClInclude>
    <ClInclude Include="include\referee\History.h">
      <Filter>Header Files</Filter>
    </ClInclude>
    <ClInclude Include="include\referee\IReferee.hpp">
      <Filter>Header Files</Filter>
    </ClInclude>
    <ClInclude Include="include\referee\Referee.hpp">
      <Filter>Header Files</Filter>
    </ClInclude>
  </ItemGroup>
  <ItemGroup>
    <None Include="openal32.dll" />
    <None Include="sfml-audio-2.dll" />
    <None Include="sfml-audio-d-2.dll" />
    <None Include="sfml-graphics-2.dll" />
    <None Include="sfml-graphics-d-2.dll" />
    <None Include="sfml-network-2.dll" />
    <None Include="sfml-network-d-2.dll" />
    <None Include="sfml-system-2.dll" />
    <None Include="sfml-system-d-2.dll" />
    <None Include="sfml-window-2.dll" />
    <None Include="sfml-window-d-2.dll" />
  </ItemGroup>
  <ItemGroup>
    <Image Include="Resources\Images\Home\background.png">
      <Filter>Resource Files</Filter>
    </Image>
    <Image Include="Resources\Images\Home\button.png">
      <Filter>Resource Files</Filter>
    </Image>
    <Image Include="Resources\Images\Home\logo-kanji.png">
      <Filter>Resource Files</Filter>
    </Image>
    <Image Include="Resources\Images\Game\about.png">
      <Filter>Resource Files</Filter>
    </Image>
    <Image Include="Resources\Images\Game\aboutFlash.png">
      <Filter>Resource Files</Filter>
    </Image>
    <Image Include="Resources\Images\Game\background.png">
      <Filter>Resource Files</Filter>
    </Image>
    <Image Include="Resources\Images\Game\newGame.png">
      <Filter>Resource Files</Filter>
    </Image>
    <Image Include="Resources\Images\Game\newGameFlash.png">
      <Filter>Resource Files</Filter>
    </Image>
    <Image Include="Resources\Images\Game\pBlack.png">
      <Filter>Resource Files</Filter>
    </Image>
    <Image Include="Resources\Images\Game\pBlack1.png">
      <Filter>Resource Files</Filter>
    </Image>
    <Image Include="Resources\Images\Game\pBlackLum.png">
      <Filter>Resource Files</Filter>
    </Image>
    <Image Include="Resources\Images\Game\pBlackLum1.png">
      <Filter>Resource Files</Filter>
    </Image>
    <Image Include="Resources\Images\Game\pWhite.png">
      <Filter>Resource Files</Filter>
    </Image>
    <Image Include="Resources\Images\Game\pWhite1.png">
      <Filter>Resource Files</Filter>
    </Image>
    <Image Include="Resources\Images\Game\pWhiteLum.png">
      <Filter>Resource Files</Filter>
    </Image>
    <Image Include="Resources\Images\Game\pWhiteLum1.png">
      <Filter>Resource Files</Filter>
    </Image>
    <Image Include="Resources\Images\Game\turnBlack.png">
      <Filter>Resource Files</Filter>
    </Image>
    <Image Include="Resources\Images\Game\turnWhite.png">
      <Filter>Resource Files</Filter>
    </Image>
    <Image Include="Resources\Images\Game\undo.png">
      <Filter>Resource Files</Filter>
    </Image>
    <Image Include="Resources\Images\Game\undoFlash.png">
      <Filter>Resource Files</Filter>
    </Image>
    <Image Include="Resources\Images\Home\buttonHome.png">
      <Filter>Resource Files</Filter>
    </Image>
    <Image Include="Resources\Images\Home\buttonPlay.png">
      <Filter>Resource Files</Filter>
    </Image>
    <Image Include="Resources\Images\Home\choiceOFF.png">
      <Filter>Resource Files</Filter>
    </Image>
    <Image Include="Resources\Images\Home\choiceON.png">
      <Filter>Resource Files</Filter>
    </Image>
    <Image Include="Resources\Images\Home\empty.png">
      <Filter>Resource Files</Filter>
    </Image>
    <Image Include="Resources\Images\Home\soundOff.png">
      <Filter>Resource Files</Filter>
    </Image>
    <Image Include="Resources\Images\Home\soundOn.png">
      <Filter>Resource Files</Filter>
    </Image>
    <Image Include="Resources\Images\Home\title.png">
      <Filter>Resource Files</Filter>
    </Image>
    <Image Include="Resources\Images\Game\redo.png">
      <Filter>Resource Files</Filter>
    </Image>
    <Image Include="Resources\Images\Game\redoFlash.png">
      <Filter>Resource Files</Filter>
    </Image>
    <Image Include="Resources\Images\Home\buttonHallGame.png">
      <Filter>Resource Files</Filter>
    </Image>
    <Image Include="Resources\Images\Home\buttonHallGameFlash.png">
      <Filter>Resource Files</Filter>
    </Image>
    <Image Include="Resources\Images\Home\buttonHomeFlash.png">
      <Filter>Resource Files</Filter>
    </Image>
    <Image Include="Resources\Images\Home\buttonMusic.png">
      <Filter>Resource Files</Filter>
    </Image>
    <Image Include="Resources\Images\Home\buttonMusicFlash.png">
      <Filter>Resource Files</Filter>
    </Image>
    <Image Include="Resources\Images\Home\buttonOption.png">
      <Filter>Resource Files</Filter>
    </Image>
    <Image Include="Resources\Images\Home\buttonOptionFlash.png">
      <Filter>Resource Files</Filter>
    </Image>
    <Image Include="Resources\Images\Home\buttonPlayFlash.png">
      <Filter>Resource Files</Filter>
    </Image>
    <Image Include="Resources\Images\Home\buttonSingleGame.png">
      <Filter>Resource Files</Filter>
    </Image>
    <Image Include="Resources\Images\Home\buttonSingleGameFlash.png">
      <Filter>Resource Files</Filter>
    </Image>
    <Image Include="Resources\Images\Home\choiceField.png">
      <Filter>Resource Files</Filter>
    </Image>
    <Image Include="Resources\Images\Home\choiceFieldFlash.png">
      <Filter>Resource Files</Filter>
    </Image>
    <Image Include="Resources\Images\Home\close.png">
      <Filter>Resource Files</Filter>
    </Image>
    <Image Include="Resources\Images\Home\closeFlash.png">
      <Filter>Resource Files</Filter>
    </Image>
    <Image Include="Resources\Images\Home\emptyBackground.png">
      <Filter>Resource Files</Filter>
    </Image>
    <Image Include="Resources\Images\Home\emptyButton.png">
      <Filter>Resource Files</Filter>
    </Image>
    <Image Include="Resources\Images\Home\emptyButtonOFF.png">
      <Filter>Resource Files</Filter>
    </Image>
    <Image Include="Resources\Images\Home\emptyButtonON.png">
      <Filter>Resource Files</Filter>
    </Image>
    <Image Include="Resources\Images\Home\menuDown.png">
      <Filter>Resource Files</Filter>
    </Image>
    <Image Include="Resources\Images\Home\menuDownFlash.png">
      <Filter>Resource Files</Filter>
    </Image>
    <Image Include="Resources\Images\Home\menuEmpty.png">
      <Filter>Resource Files</Filter>
    </Image>
    <Image Include="Resources\Images\Home\menuEmpty2.png">
      <Filter>Resource Files</Filter>
    </Image>
    <Image Include="Resources\Images\Home\versus.png">
      <Filter>Resource Files</Filter>
    </Image>
  </ItemGroup>
  <ItemGroup>
    <Font Include="Resources\Fonts\lastninja.ttf" />
    <Font Include="Resources\Fonts\katana.ttf" />
  </ItemGroup>
</Project>